// !$*UTF8*$!
{
	archiveVersion = 1;
	classes = {
	};
	objectVersion = 52;
	objects = {

/* Begin PBXBuildFile section */
		4A7538412642A21C0039BC1F /* MainTabBarController.swift in Sources */ = {isa = PBXBuildFile; fileRef = 4A7538402642A21C0039BC1F /* MainTabBarController.swift */; };
		4A92346426414AE0006D2569 /* AppDelegate.swift in Sources */ = {isa = PBXBuildFile; fileRef = 4A92346326414AE0006D2569 /* AppDelegate.swift */; };
		4A92346626414AE0006D2569 /* SceneDelegate.swift in Sources */ = {isa = PBXBuildFile; fileRef = 4A92346526414AE0006D2569 /* SceneDelegate.swift */; };
		4A92346E26414AE0006D2569 /* MoviesMVP.xcdatamodeld in Sources */ = {isa = PBXBuildFile; fileRef = 4A92346C26414AE0006D2569 /* MoviesMVP.xcdatamodeld */; };
		4A92347026414AE1006D2569 /* Assets.xcassets in Resources */ = {isa = PBXBuildFile; fileRef = 4A92346F26414AE1006D2569 /* Assets.xcassets */; };
		4A92347326414AE1006D2569 /* LaunchScreen.storyboard in Resources */ = {isa = PBXBuildFile; fileRef = 4A92347126414AE1006D2569 /* LaunchScreen.storyboard */; };
		4A92347E26414AE1006D2569 /* MoviesMVPTests.swift in Sources */ = {isa = PBXBuildFile; fileRef = 4A92347D26414AE1006D2569 /* MoviesMVPTests.swift */; };
		4A92348926414AE1006D2569 /* MoviesMVPUITests.swift in Sources */ = {isa = PBXBuildFile; fileRef = 4A92348826414AE1006D2569 /* MoviesMVPUITests.swift */; };
		4A92349F26415AFE006D2569 /* NetworkManager.swift in Sources */ = {isa = PBXBuildFile; fileRef = 4A92349C26415AFE006D2569 /* NetworkManager.swift */; };
		4A9234A026415AFE006D2569 /* DataFetcherService.swift in Sources */ = {isa = PBXBuildFile; fileRef = 4A92349D26415AFE006D2569 /* DataFetcherService.swift */; };
		4A9234A126415AFE006D2569 /* NetworkDataFetcher.swift in Sources */ = {isa = PBXBuildFile; fileRef = 4A92349E26415AFE006D2569 /* NetworkDataFetcher.swift */; };
		4A9234A426415BE8006D2569 /* FilmsResult.swift in Sources */ = {isa = PBXBuildFile; fileRef = 4A9234A326415BE8006D2569 /* FilmsResult.swift */; };
		4A9234A626416469006D2569 /* DataFetcherServiceTests.swift in Sources */ = {isa = PBXBuildFile; fileRef = 4A9234A526416469006D2569 /* DataFetcherServiceTests.swift */; };
		4A9234AD26416776006D2569 /* MainView.swift in Sources */ = {isa = PBXBuildFile; fileRef = 4A9234AC26416776006D2569 /* MainView.swift */; };
		4A9234AF26416783006D2569 /* MainViewController.swift in Sources */ = {isa = PBXBuildFile; fileRef = 4A9234AE26416783006D2569 /* MainViewController.swift */; };
		4A9234B126416A7E006D2569 /* MainVCFilmCell.swift in Sources */ = {isa = PBXBuildFile; fileRef = 4A9234B026416A7E006D2569 /* MainVCFilmCell.swift */; };
		4A9234B626416AAD006D2569 /* SelfConfiguringCell.swift in Sources */ = {isa = PBXBuildFile; fileRef = 4A9234B426416AAD006D2569 /* SelfConfiguringCell.swift */; };
		4A9234B926416CA0006D2569 /* UILabel+Extension.swift in Sources */ = {isa = PBXBuildFile; fileRef = 4A9234B826416CA0006D2569 /* UILabel+Extension.swift */; };
		4A9234BB26416CDB006D2569 /* UIFont + Extensions.swift in Sources */ = {isa = PBXBuildFile; fileRef = 4A9234BA26416CDB006D2569 /* UIFont + Extensions.swift */; };
		4A9234BD26416E37006D2569 /* UIImageView+Extension.swift in Sources */ = {isa = PBXBuildFile; fileRef = 4A9234BC26416E37006D2569 /* UIImageView+Extension.swift */; };
		4A9234C026418AC1006D2569 /* Kingfisher in Frameworks */ = {isa = PBXBuildFile; productRef = 4A9234BF26418AC1006D2569 /* Kingfisher */; };
		4A9234C326418C66006D2569 /* UIRefreshControl + Extension.swift in Sources */ = {isa = PBXBuildFile; fileRef = 4A9234C226418C66006D2569 /* UIRefreshControl + Extension.swift */; };
		4A9234C626419A9F006D2569 /* MainPresenter.swift in Sources */ = {isa = PBXBuildFile; fileRef = 4A9234C526419A9F006D2569 /* MainPresenter.swift */; };
		4A9234C92641A70B006D2569 /* MainBuilder.swift in Sources */ = {isa = PBXBuildFile; fileRef = 4A9234C82641A70B006D2569 /* MainBuilder.swift */; };
		4AAF4FB52643ED1E002E9B27 /* PanelTransition.swift in Sources */ = {isa = PBXBuildFile; fileRef = 4AAF4FB42643ED1E002E9B27 /* PanelTransition.swift */; };
		4AAF4FB72643ED40002E9B27 /* TransitionDriver.swift in Sources */ = {isa = PBXBuildFile; fileRef = 4AAF4FB62643ED40002E9B27 /* TransitionDriver.swift */; };
		4AAF4FBA2643ED5B002E9B27 /* TransitionDirection.swift in Sources */ = {isa = PBXBuildFile; fileRef = 4AAF4FB92643ED5B002E9B27 /* TransitionDirection.swift */; };
		4AAF4FBD2643ED7F002E9B27 /* PresentationController.swift in Sources */ = {isa = PBXBuildFile; fileRef = 4AAF4FBC2643ED7F002E9B27 /* PresentationController.swift */; };
		4AAF4FBF2643ED94002E9B27 /* DimmPresentationController.swift in Sources */ = {isa = PBXBuildFile; fileRef = 4AAF4FBE2643ED94002E9B27 /* DimmPresentationController.swift */; };
		4AAF4FC22643EDAD002E9B27 /* PresentAnimation.swift in Sources */ = {isa = PBXBuildFile; fileRef = 4AAF4FC12643EDAD002E9B27 /* PresentAnimation.swift */; };
		4AAF4FC42643EDC3002E9B27 /* DismissAnimation.swift in Sources */ = {isa = PBXBuildFile; fileRef = 4AAF4FC32643EDC3002E9B27 /* DismissAnimation.swift */; };
		4AAF4FC62643EDDB002E9B27 /* CGPoint+Velocity.swift in Sources */ = {isa = PBXBuildFile; fileRef = 4AAF4FC52643EDDB002E9B27 /* CGPoint+Velocity.swift */; };
		4AAF4FC82643EDF8002E9B27 /* InstantPanGestureRecognizer.swift in Sources */ = {isa = PBXBuildFile; fileRef = 4AAF4FC72643EDF8002E9B27 /* InstantPanGestureRecognizer.swift */; };
		4AAF4FCA2643EFB9002E9B27 /* PosterViewController.swift in Sources */ = {isa = PBXBuildFile; fileRef = 4AAF4FC92643EFB9002E9B27 /* PosterViewController.swift */; };
		4AAF4FCC2643EFEF002E9B27 /* FilmInfoViewController.swift in Sources */ = {isa = PBXBuildFile; fileRef = 4AAF4FCB2643EFEF002E9B27 /* FilmInfoViewController.swift */; };
		4AAF4FD02643F3A8002E9B27 /* PosterView.swift in Sources */ = {isa = PBXBuildFile; fileRef = 4AAF4FCF2643F3A8002E9B27 /* PosterView.swift */; };
		4AAF4FD52643F556002E9B27 /* FilmInfoView.swift in Sources */ = {isa = PBXBuildFile; fileRef = 4AAF4FD42643F556002E9B27 /* FilmInfoView.swift */; };
		4AAF4FD72643FB92002E9B27 /* DetailFilmResult.swift in Sources */ = {isa = PBXBuildFile; fileRef = 4AAF4FD62643FB92002E9B27 /* DetailFilmResult.swift */; };
		4AAF4FD926440DA9002E9B27 /* UITextView + Extension.swift in Sources */ = {isa = PBXBuildFile; fileRef = 4AAF4FD826440DA9002E9B27 /* UITextView + Extension.swift */; };
/* End PBXBuildFile section */

/* Begin PBXContainerItemProxy section */
		4A92347A26414AE1006D2569 /* PBXContainerItemProxy */ = {
			isa = PBXContainerItemProxy;
			containerPortal = 4A92345826414AE0006D2569 /* Project object */;
			proxyType = 1;
			remoteGlobalIDString = 4A92345F26414AE0006D2569;
			remoteInfo = MoviesMVP;
		};
		4A92348526414AE1006D2569 /* PBXContainerItemProxy */ = {
			isa = PBXContainerItemProxy;
			containerPortal = 4A92345826414AE0006D2569 /* Project object */;
			proxyType = 1;
			remoteGlobalIDString = 4A92345F26414AE0006D2569;
			remoteInfo = MoviesMVP;
		};
/* End PBXContainerItemProxy section */

/* Begin PBXFileReference section */
		4A7538402642A21C0039BC1F /* MainTabBarController.swift */ = {isa = PBXFileReference; lastKnownFileType = sourcecode.swift; path = MainTabBarController.swift; sourceTree = "<group>"; };
		4A92346026414AE0006D2569 /* MoviesMVP.app */ = {isa = PBXFileReference; explicitFileType = wrapper.application; includeInIndex = 0; path = MoviesMVP.app; sourceTree = BUILT_PRODUCTS_DIR; };
		4A92346326414AE0006D2569 /* AppDelegate.swift */ = {isa = PBXFileReference; lastKnownFileType = sourcecode.swift; path = AppDelegate.swift; sourceTree = "<group>"; };
		4A92346526414AE0006D2569 /* SceneDelegate.swift */ = {isa = PBXFileReference; lastKnownFileType = sourcecode.swift; path = SceneDelegate.swift; sourceTree = "<group>"; };
		4A92346D26414AE0006D2569 /* MoviesMVP.xcdatamodel */ = {isa = PBXFileReference; lastKnownFileType = wrapper.xcdatamodel; path = MoviesMVP.xcdatamodel; sourceTree = "<group>"; };
		4A92346F26414AE1006D2569 /* Assets.xcassets */ = {isa = PBXFileReference; lastKnownFileType = folder.assetcatalog; path = Assets.xcassets; sourceTree = "<group>"; };
		4A92347226414AE1006D2569 /* Base */ = {isa = PBXFileReference; lastKnownFileType = file.storyboard; name = Base; path = Base.lproj/LaunchScreen.storyboard; sourceTree = "<group>"; };
		4A92347426414AE1006D2569 /* Info.plist */ = {isa = PBXFileReference; lastKnownFileType = text.plist.xml; path = Info.plist; sourceTree = "<group>"; };
		4A92347926414AE1006D2569 /* MoviesMVPTests.xctest */ = {isa = PBXFileReference; explicitFileType = wrapper.cfbundle; includeInIndex = 0; path = MoviesMVPTests.xctest; sourceTree = BUILT_PRODUCTS_DIR; };
		4A92347D26414AE1006D2569 /* MoviesMVPTests.swift */ = {isa = PBXFileReference; lastKnownFileType = sourcecode.swift; path = MoviesMVPTests.swift; sourceTree = "<group>"; };
		4A92347F26414AE1006D2569 /* Info.plist */ = {isa = PBXFileReference; lastKnownFileType = text.plist.xml; path = Info.plist; sourceTree = "<group>"; };
		4A92348426414AE1006D2569 /* MoviesMVPUITests.xctest */ = {isa = PBXFileReference; explicitFileType = wrapper.cfbundle; includeInIndex = 0; path = MoviesMVPUITests.xctest; sourceTree = BUILT_PRODUCTS_DIR; };
		4A92348826414AE1006D2569 /* MoviesMVPUITests.swift */ = {isa = PBXFileReference; lastKnownFileType = sourcecode.swift; path = MoviesMVPUITests.swift; sourceTree = "<group>"; };
		4A92348A26414AE1006D2569 /* Info.plist */ = {isa = PBXFileReference; lastKnownFileType = text.plist.xml; path = Info.plist; sourceTree = "<group>"; };
		4A92349C26415AFE006D2569 /* NetworkManager.swift */ = {isa = PBXFileReference; fileEncoding = 4; lastKnownFileType = sourcecode.swift; path = NetworkManager.swift; sourceTree = "<group>"; };
		4A92349D26415AFE006D2569 /* DataFetcherService.swift */ = {isa = PBXFileReference; fileEncoding = 4; lastKnownFileType = sourcecode.swift; path = DataFetcherService.swift; sourceTree = "<group>"; };
		4A92349E26415AFE006D2569 /* NetworkDataFetcher.swift */ = {isa = PBXFileReference; fileEncoding = 4; lastKnownFileType = sourcecode.swift; path = NetworkDataFetcher.swift; sourceTree = "<group>"; };
		4A9234A326415BE8006D2569 /* FilmsResult.swift */ = {isa = PBXFileReference; lastKnownFileType = sourcecode.swift; path = FilmsResult.swift; sourceTree = "<group>"; };
		4A9234A526416469006D2569 /* DataFetcherServiceTests.swift */ = {isa = PBXFileReference; fileEncoding = 4; lastKnownFileType = sourcecode.swift; path = DataFetcherServiceTests.swift; sourceTree = "<group>"; };
		4A9234AC26416776006D2569 /* MainView.swift */ = {isa = PBXFileReference; lastKnownFileType = sourcecode.swift; path = MainView.swift; sourceTree = "<group>"; };
		4A9234AE26416783006D2569 /* MainViewController.swift */ = {isa = PBXFileReference; lastKnownFileType = sourcecode.swift; path = MainViewController.swift; sourceTree = "<group>"; };
		4A9234B026416A7E006D2569 /* MainVCFilmCell.swift */ = {isa = PBXFileReference; lastKnownFileType = sourcecode.swift; path = MainVCFilmCell.swift; sourceTree = "<group>"; };
		4A9234B426416AAD006D2569 /* SelfConfiguringCell.swift */ = {isa = PBXFileReference; fileEncoding = 4; lastKnownFileType = sourcecode.swift; path = SelfConfiguringCell.swift; sourceTree = "<group>"; };
		4A9234B826416CA0006D2569 /* UILabel+Extension.swift */ = {isa = PBXFileReference; lastKnownFileType = sourcecode.swift; path = "UILabel+Extension.swift"; sourceTree = "<group>"; };
		4A9234BA26416CDB006D2569 /* UIFont + Extensions.swift */ = {isa = PBXFileReference; fileEncoding = 4; lastKnownFileType = sourcecode.swift; path = "UIFont + Extensions.swift"; sourceTree = "<group>"; };
		4A9234BC26416E37006D2569 /* UIImageView+Extension.swift */ = {isa = PBXFileReference; lastKnownFileType = sourcecode.swift; path = "UIImageView+Extension.swift"; sourceTree = "<group>"; };
		4A9234C226418C66006D2569 /* UIRefreshControl + Extension.swift */ = {isa = PBXFileReference; lastKnownFileType = sourcecode.swift; path = "UIRefreshControl + Extension.swift"; sourceTree = "<group>"; };
		4A9234C526419A9F006D2569 /* MainPresenter.swift */ = {isa = PBXFileReference; lastKnownFileType = sourcecode.swift; path = MainPresenter.swift; sourceTree = "<group>"; };
		4A9234C82641A70B006D2569 /* MainBuilder.swift */ = {isa = PBXFileReference; lastKnownFileType = sourcecode.swift; path = MainBuilder.swift; sourceTree = "<group>"; };
		4AAF4FB42643ED1E002E9B27 /* PanelTransition.swift */ = {isa = PBXFileReference; lastKnownFileType = sourcecode.swift; path = PanelTransition.swift; sourceTree = "<group>"; };
		4AAF4FB62643ED40002E9B27 /* TransitionDriver.swift */ = {isa = PBXFileReference; lastKnownFileType = sourcecode.swift; path = TransitionDriver.swift; sourceTree = "<group>"; };
		4AAF4FB92643ED5B002E9B27 /* TransitionDirection.swift */ = {isa = PBXFileReference; lastKnownFileType = sourcecode.swift; path = TransitionDirection.swift; sourceTree = "<group>"; };
		4AAF4FBC2643ED7F002E9B27 /* PresentationController.swift */ = {isa = PBXFileReference; lastKnownFileType = sourcecode.swift; path = PresentationController.swift; sourceTree = "<group>"; };
		4AAF4FBE2643ED94002E9B27 /* DimmPresentationController.swift */ = {isa = PBXFileReference; lastKnownFileType = sourcecode.swift; path = DimmPresentationController.swift; sourceTree = "<group>"; };
		4AAF4FC12643EDAD002E9B27 /* PresentAnimation.swift */ = {isa = PBXFileReference; lastKnownFileType = sourcecode.swift; path = PresentAnimation.swift; sourceTree = "<group>"; };
		4AAF4FC32643EDC3002E9B27 /* DismissAnimation.swift */ = {isa = PBXFileReference; lastKnownFileType = sourcecode.swift; path = DismissAnimation.swift; sourceTree = "<group>"; };
		4AAF4FC52643EDDB002E9B27 /* CGPoint+Velocity.swift */ = {isa = PBXFileReference; lastKnownFileType = sourcecode.swift; path = "CGPoint+Velocity.swift"; sourceTree = "<group>"; };
		4AAF4FC72643EDF8002E9B27 /* InstantPanGestureRecognizer.swift */ = {isa = PBXFileReference; lastKnownFileType = sourcecode.swift; path = InstantPanGestureRecognizer.swift; sourceTree = "<group>"; };
		4AAF4FC92643EFB9002E9B27 /* PosterViewController.swift */ = {isa = PBXFileReference; lastKnownFileType = sourcecode.swift; path = PosterViewController.swift; sourceTree = "<group>"; };
		4AAF4FCB2643EFEF002E9B27 /* FilmInfoViewController.swift */ = {isa = PBXFileReference; lastKnownFileType = sourcecode.swift; path = FilmInfoViewController.swift; sourceTree = "<group>"; };
		4AAF4FCF2643F3A8002E9B27 /* PosterView.swift */ = {isa = PBXFileReference; lastKnownFileType = sourcecode.swift; path = PosterView.swift; sourceTree = "<group>"; };
		4AAF4FD42643F556002E9B27 /* FilmInfoView.swift */ = {isa = PBXFileReference; lastKnownFileType = sourcecode.swift; path = FilmInfoView.swift; sourceTree = "<group>"; };
		4AAF4FD62643FB92002E9B27 /* DetailFilmResult.swift */ = {isa = PBXFileReference; lastKnownFileType = sourcecode.swift; path = DetailFilmResult.swift; sourceTree = "<group>"; };
		4AAF4FD826440DA9002E9B27 /* UITextView + Extension.swift */ = {isa = PBXFileReference; lastKnownFileType = sourcecode.swift; path = "UITextView + Extension.swift"; sourceTree = "<group>"; };
/* End PBXFileReference section */

/* Begin PBXFrameworksBuildPhase section */
		4A92345D26414AE0006D2569 /* Frameworks */ = {
			isa = PBXFrameworksBuildPhase;
			buildActionMask = 2147483647;
			files = (
				4A9234C026418AC1006D2569 /* Kingfisher in Frameworks */,
			);
			runOnlyForDeploymentPostprocessing = 0;
		};
		4A92347626414AE1006D2569 /* Frameworks */ = {
			isa = PBXFrameworksBuildPhase;
			buildActionMask = 2147483647;
			files = (
			);
			runOnlyForDeploymentPostprocessing = 0;
		};
		4A92348126414AE1006D2569 /* Frameworks */ = {
			isa = PBXFrameworksBuildPhase;
			buildActionMask = 2147483647;
			files = (
			);
			runOnlyForDeploymentPostprocessing = 0;
		};
/* End PBXFrameworksBuildPhase section */

/* Begin PBXGroup section */
		4A75382C2642909D0039BC1F /* Resources */ = {
			isa = PBXGroup;
			children = (
				4A92346F26414AE1006D2569 /* Assets.xcassets */,
				4A92347126414AE1006D2569 /* LaunchScreen.storyboard */,
			);
			path = Resources;
			sourceTree = "<group>";
		};
		4A75382D264295FD0039BC1F /* DetailFilmViewController */ = {
			isa = PBXGroup;
			children = (
				4AAF4F9B2643EBD2002E9B27 /* FilmInfoViewController */,
				4AAF4F9A2643EBBB002E9B27 /* PosterViewController */,
			);
			path = DetailFilmViewController;
			sourceTree = "<group>";
		};
		4A75383E2642A1EF0039BC1F /* Tab */ = {
			isa = PBXGroup;
			children = (
				4A75383F2642A1F40039BC1F /* MainTabBar  */,
			);
			path = Tab;
			sourceTree = "<group>";
		};
		4A75383F2642A1F40039BC1F /* MainTabBar  */ = {
			isa = PBXGroup;
			children = (
				4A7538402642A21C0039BC1F /* MainTabBarController.swift */,
			);
			path = "MainTabBar ";
			sourceTree = "<group>";
		};
		4A92345726414AE0006D2569 = {
			isa = PBXGroup;
			children = (
				4A92346226414AE0006D2569 /* MoviesMVP */,
				4A92347C26414AE1006D2569 /* MoviesMVPTests */,
				4A92348726414AE1006D2569 /* MoviesMVPUITests */,
				4A92346126414AE0006D2569 /* Products */,
			);
			sourceTree = "<group>";
		};
		4A92346126414AE0006D2569 /* Products */ = {
			isa = PBXGroup;
			children = (
				4A92346026414AE0006D2569 /* MoviesMVP.app */,
				4A92347926414AE1006D2569 /* MoviesMVPTests.xctest */,
				4A92348426414AE1006D2569 /* MoviesMVPUITests.xctest */,
			);
			name = Products;
			sourceTree = "<group>";
		};
		4A92346226414AE0006D2569 /* MoviesMVP */ = {
			isa = PBXGroup;
			children = (
				4A75382C2642909D0039BC1F /* Resources */,
				4A92349A26414E93006D2569 /* Environments */,
				4A92349926414E77006D2569 /* App */,
				4A92349826414E49006D2569 /* BusinessLogic */,
				4A92349726414E45006D2569 /* Core */,
				4A92349626414E3B006D2569 /* Flow */,
				4A92346C26414AE0006D2569 /* MoviesMVP.xcdatamodeld */,
			);
			path = MoviesMVP;
			sourceTree = "<group>";
		};
		4A92347C26414AE1006D2569 /* MoviesMVPTests */ = {
			isa = PBXGroup;
			children = (
				4A9234A526416469006D2569 /* DataFetcherServiceTests.swift */,
				4A92347D26414AE1006D2569 /* MoviesMVPTests.swift */,
				4A92347F26414AE1006D2569 /* Info.plist */,
			);
			path = MoviesMVPTests;
			sourceTree = "<group>";
		};
		4A92348726414AE1006D2569 /* MoviesMVPUITests */ = {
			isa = PBXGroup;
			children = (
				4A92348826414AE1006D2569 /* MoviesMVPUITests.swift */,
				4A92348A26414AE1006D2569 /* Info.plist */,
			);
			path = MoviesMVPUITests;
			sourceTree = "<group>";
		};
		4A92349626414E3B006D2569 /* Flow */ = {
			isa = PBXGroup;
			children = (
				4A75383E2642A1EF0039BC1F /* Tab */,
				4A75382D264295FD0039BC1F /* DetailFilmViewController */,
				4A9234A7264166C0006D2569 /* MainViewController */,
			);
			path = Flow;
			sourceTree = "<group>";
		};
		4A92349726414E45006D2569 /* Core */ = {
			isa = PBXGroup;
			children = (
				4AAF4FB32643ECC1002E9B27 /* Transition */,
				4A9234B726416C77006D2569 /* Extensions */,
				4A9234B226416AAD006D2569 /* Protocols */,
				4A9234A226415B4C006D2569 /* Entity */,
			);
			path = Core;
			sourceTree = "<group>";
		};
		4A92349826414E49006D2569 /* BusinessLogic */ = {
			isa = PBXGroup;
			children = (
				4A92349B26415AFE006D2569 /* NetworkService */,
			);
			path = BusinessLogic;
			sourceTree = "<group>";
		};
		4A92349926414E77006D2569 /* App */ = {
			isa = PBXGroup;
			children = (
				4A92346526414AE0006D2569 /* SceneDelegate.swift */,
				4A92346326414AE0006D2569 /* AppDelegate.swift */,
			);
			path = App;
			sourceTree = "<group>";
		};
		4A92349A26414E93006D2569 /* Environments */ = {
			isa = PBXGroup;
			children = (
				4A92347426414AE1006D2569 /* Info.plist */,
			);
			path = Environments;
			sourceTree = "<group>";
		};
		4A92349B26415AFE006D2569 /* NetworkService */ = {
			isa = PBXGroup;
			children = (
				4A92349D26415AFE006D2569 /* DataFetcherService.swift */,
				4A92349C26415AFE006D2569 /* NetworkManager.swift */,
				4A92349E26415AFE006D2569 /* NetworkDataFetcher.swift */,
			);
			path = NetworkService;
			sourceTree = "<group>";
		};
		4A9234A226415B4C006D2569 /* Entity */ = {
			isa = PBXGroup;
			children = (
				4A9234A326415BE8006D2569 /* FilmsResult.swift */,
				4AAF4FD62643FB92002E9B27 /* DetailFilmResult.swift */,
			);
			path = Entity;
			sourceTree = "<group>";
		};
		4A9234A7264166C0006D2569 /* MainViewController */ = {
			isa = PBXGroup;
			children = (
				4A9234C72641A6F3006D2569 /* Builder */,
				4A9234A8264166D3006D2569 /* View */,
				4A9234A9264166D8006D2569 /* Controller */,
				4A9234AB2641675C006D2569 /* Cell */,
				4A9234AA264166DE006D2569 /* Presenter */,
			);
			path = MainViewController;
			sourceTree = "<group>";
		};
		4A9234A8264166D3006D2569 /* View */ = {
			isa = PBXGroup;
			children = (
				4A9234AC26416776006D2569 /* MainView.swift */,
			);
			path = View;
			sourceTree = "<group>";
		};
		4A9234A9264166D8006D2569 /* Controller */ = {
			isa = PBXGroup;
			children = (
				4A9234AE26416783006D2569 /* MainViewController.swift */,
			);
			path = Controller;
			sourceTree = "<group>";
		};
		4A9234AA264166DE006D2569 /* Presenter */ = {
			isa = PBXGroup;
			children = (
				4A9234C526419A9F006D2569 /* MainPresenter.swift */,
			);
			path = Presenter;
			sourceTree = "<group>";
		};
		4A9234AB2641675C006D2569 /* Cell */ = {
			isa = PBXGroup;
			children = (
				4A9234B026416A7E006D2569 /* MainVCFilmCell.swift */,
			);
			path = Cell;
			sourceTree = "<group>";
		};
		4A9234B226416AAD006D2569 /* Protocols */ = {
			isa = PBXGroup;
			children = (
				4A9234B426416AAD006D2569 /* SelfConfiguringCell.swift */,
			);
			path = Protocols;
			sourceTree = "<group>";
		};
		4A9234B726416C77006D2569 /* Extensions */ = {
			isa = PBXGroup;
			children = (
				4A9234BA26416CDB006D2569 /* UIFont + Extensions.swift */,
				4A9234B826416CA0006D2569 /* UILabel+Extension.swift */,
				4A9234BC26416E37006D2569 /* UIImageView+Extension.swift */,
				4A9234C226418C66006D2569 /* UIRefreshControl + Extension.swift */,
				4AAF4FD826440DA9002E9B27 /* UITextView + Extension.swift */,
			);
			path = Extensions;
			sourceTree = "<group>";
		};
		4A9234C72641A6F3006D2569 /* Builder */ = {
			isa = PBXGroup;
			children = (
				4A9234C82641A70B006D2569 /* MainBuilder.swift */,
			);
			path = Builder;
			sourceTree = "<group>";
		};
		4AAF4F9A2643EBBB002E9B27 /* PosterViewController */ = {
			isa = PBXGroup;
			children = (
				4AAF4FCE2643F398002E9B27 /* View */,
				4AAF4FCD2643F391002E9B27 /* Controller */,
			);
			path = PosterViewController;
			sourceTree = "<group>";
		};
		4AAF4F9B2643EBD2002E9B27 /* FilmInfoViewController */ = {
			isa = PBXGroup;
			children = (
				4AAF4FD32643F54A002E9B27 /* View */,
				4AAF4FD22643F542002E9B27 /* Controller */,
			);
			path = FilmInfoViewController;
			sourceTree = "<group>";
		};
		4AAF4FB32643ECC1002E9B27 /* Transition */ = {
			isa = PBXGroup;
			children = (
				4AAF4FC02643EDA1002E9B27 /* Animations */,
				4AAF4FBB2643ED6D002E9B27 /* PresentationController */,
				4AAF4FB42643ED1E002E9B27 /* PanelTransition.swift */,
				4AAF4FB62643ED40002E9B27 /* TransitionDriver.swift */,
				4AAF4FB92643ED5B002E9B27 /* TransitionDirection.swift */,
				4AAF4FC52643EDDB002E9B27 /* CGPoint+Velocity.swift */,
				4AAF4FC72643EDF8002E9B27 /* InstantPanGestureRecognizer.swift */,
			);
			path = Transition;
			sourceTree = "<group>";
		};
		4AAF4FBB2643ED6D002E9B27 /* PresentationController */ = {
			isa = PBXGroup;
			children = (
				4AAF4FBC2643ED7F002E9B27 /* PresentationController.swift */,
				4AAF4FBE2643ED94002E9B27 /* DimmPresentationController.swift */,
			);
			path = PresentationController;
			sourceTree = "<group>";
		};
		4AAF4FC02643EDA1002E9B27 /* Animations */ = {
			isa = PBXGroup;
			children = (
				4AAF4FC12643EDAD002E9B27 /* PresentAnimation.swift */,
				4AAF4FC32643EDC3002E9B27 /* DismissAnimation.swift */,
			);
			path = Animations;
			sourceTree = "<group>";
		};
		4AAF4FCD2643F391002E9B27 /* Controller */ = {
			isa = PBXGroup;
			children = (
				4AAF4FC92643EFB9002E9B27 /* PosterViewController.swift */,
			);
			path = Controller;
			sourceTree = "<group>";
		};
		4AAF4FCE2643F398002E9B27 /* View */ = {
			isa = PBXGroup;
			children = (
				4AAF4FCF2643F3A8002E9B27 /* PosterView.swift */,
			);
			path = View;
			sourceTree = "<group>";
		};
		4AAF4FD22643F542002E9B27 /* Controller */ = {
			isa = PBXGroup;
			children = (
				4AAF4FCB2643EFEF002E9B27 /* FilmInfoViewController.swift */,
			);
			path = Controller;
			sourceTree = "<group>";
		};
		4AAF4FD32643F54A002E9B27 /* View */ = {
			isa = PBXGroup;
			children = (
				4AAF4FD42643F556002E9B27 /* FilmInfoView.swift */,
			);
			path = View;
			sourceTree = "<group>";
		};
/* End PBXGroup section */

/* Begin PBXNativeTarget section */
		4A92345F26414AE0006D2569 /* MoviesMVP */ = {
			isa = PBXNativeTarget;
			buildConfigurationList = 4A92348D26414AE1006D2569 /* Build configuration list for PBXNativeTarget "MoviesMVP" */;
			buildPhases = (
				4A92345C26414AE0006D2569 /* Sources */,
				4A92345D26414AE0006D2569 /* Frameworks */,
				4A92345E26414AE0006D2569 /* Resources */,
				4A9234C426419811006D2569 /* ShellScript */,
			);
			buildRules = (
			);
			dependencies = (
			);
			name = MoviesMVP;
			packageProductDependencies = (
				4A9234BF26418AC1006D2569 /* Kingfisher */,
			);
			productName = MoviesMVP;
			productReference = 4A92346026414AE0006D2569 /* MoviesMVP.app */;
			productType = "com.apple.product-type.application";
		};
		4A92347826414AE1006D2569 /* MoviesMVPTests */ = {
			isa = PBXNativeTarget;
			buildConfigurationList = 4A92349026414AE1006D2569 /* Build configuration list for PBXNativeTarget "MoviesMVPTests" */;
			buildPhases = (
				4A92347526414AE1006D2569 /* Sources */,
				4A92347626414AE1006D2569 /* Frameworks */,
				4A92347726414AE1006D2569 /* Resources */,
			);
			buildRules = (
			);
			dependencies = (
				4A92347B26414AE1006D2569 /* PBXTargetDependency */,
			);
			name = MoviesMVPTests;
			productName = MoviesMVPTests;
			productReference = 4A92347926414AE1006D2569 /* MoviesMVPTests.xctest */;
			productType = "com.apple.product-type.bundle.unit-test";
		};
		4A92348326414AE1006D2569 /* MoviesMVPUITests */ = {
			isa = PBXNativeTarget;
			buildConfigurationList = 4A92349326414AE1006D2569 /* Build configuration list for PBXNativeTarget "MoviesMVPUITests" */;
			buildPhases = (
				4A92348026414AE1006D2569 /* Sources */,
				4A92348126414AE1006D2569 /* Frameworks */,
				4A92348226414AE1006D2569 /* Resources */,
			);
			buildRules = (
			);
			dependencies = (
				4A92348626414AE1006D2569 /* PBXTargetDependency */,
			);
			name = MoviesMVPUITests;
			productName = MoviesMVPUITests;
			productReference = 4A92348426414AE1006D2569 /* MoviesMVPUITests.xctest */;
			productType = "com.apple.product-type.bundle.ui-testing";
		};
/* End PBXNativeTarget section */

/* Begin PBXProject section */
		4A92345826414AE0006D2569 /* Project object */ = {
			isa = PBXProject;
			attributes = {
				LastSwiftUpdateCheck = 1250;
				LastUpgradeCheck = 1250;
				TargetAttributes = {
					4A92345F26414AE0006D2569 = {
						CreatedOnToolsVersion = 12.5;
					};
					4A92347826414AE1006D2569 = {
						CreatedOnToolsVersion = 12.5;
						TestTargetID = 4A92345F26414AE0006D2569;
					};
					4A92348326414AE1006D2569 = {
						CreatedOnToolsVersion = 12.5;
						TestTargetID = 4A92345F26414AE0006D2569;
					};
				};
			};
			buildConfigurationList = 4A92345B26414AE0006D2569 /* Build configuration list for PBXProject "MoviesMVP" */;
			compatibilityVersion = "Xcode 9.3";
			developmentRegion = en;
			hasScannedForEncodings = 0;
			knownRegions = (
				en,
				Base,
			);
			mainGroup = 4A92345726414AE0006D2569;
			packageReferences = (
				4A9234BE26418AC1006D2569 /* XCRemoteSwiftPackageReference "Kingfisher" */,
			);
			productRefGroup = 4A92346126414AE0006D2569 /* Products */;
			projectDirPath = "";
			projectRoot = "";
			targets = (
				4A92345F26414AE0006D2569 /* MoviesMVP */,
				4A92347826414AE1006D2569 /* MoviesMVPTests */,
				4A92348326414AE1006D2569 /* MoviesMVPUITests */,
			);
		};
/* End PBXProject section */

/* Begin PBXResourcesBuildPhase section */
		4A92345E26414AE0006D2569 /* Resources */ = {
			isa = PBXResourcesBuildPhase;
			buildActionMask = 2147483647;
			files = (
				4A92347326414AE1006D2569 /* LaunchScreen.storyboard in Resources */,
				4A92347026414AE1006D2569 /* Assets.xcassets in Resources */,
			);
			runOnlyForDeploymentPostprocessing = 0;
		};
		4A92347726414AE1006D2569 /* Resources */ = {
			isa = PBXResourcesBuildPhase;
			buildActionMask = 2147483647;
			files = (
			);
			runOnlyForDeploymentPostprocessing = 0;
		};
		4A92348226414AE1006D2569 /* Resources */ = {
			isa = PBXResourcesBuildPhase;
			buildActionMask = 2147483647;
			files = (
			);
			runOnlyForDeploymentPostprocessing = 0;
		};
/* End PBXResourcesBuildPhase section */

/* Begin PBXShellScriptBuildPhase section */
		4A9234C426419811006D2569 /* ShellScript */ = {
			isa = PBXShellScriptBuildPhase;
			buildActionMask = 2147483647;
			files = (
			);
			inputFileListPaths = (
			);
			inputPaths = (
			);
			outputFileListPaths = (
			);
			outputPaths = (
			);
			runOnlyForDeploymentPostprocessing = 0;
			shellPath = /bin/sh;
			shellScript = "# Type a script or drag a script file from your workspace to insert its path.\nif which swiftlint >/dev/null; then\n  swiftlint\nelse\n  echo \"error: SwiftLint does not exist, download it from https://github.com/realm/SwiftLint\"\n  exit 1\nfi\n";
		};
/* End PBXShellScriptBuildPhase section */

/* Begin PBXSourcesBuildPhase section */
		4A92345C26414AE0006D2569 /* Sources */ = {
			isa = PBXSourcesBuildPhase;
			buildActionMask = 2147483647;
			files = (
				4AAF4FC62643EDDB002E9B27 /* CGPoint+Velocity.swift in Sources */,
				4A9234A126415AFE006D2569 /* NetworkDataFetcher.swift in Sources */,
				4AAF4FB72643ED40002E9B27 /* TransitionDriver.swift in Sources */,
				4A9234B126416A7E006D2569 /* MainVCFilmCell.swift in Sources */,
				4A9234BD26416E37006D2569 /* UIImageView+Extension.swift in Sources */,
				4AAF4FB52643ED1E002E9B27 /* PanelTransition.swift in Sources */,
				4A9234AD26416776006D2569 /* MainView.swift in Sources */,
				4AAF4FBF2643ED94002E9B27 /* DimmPresentationController.swift in Sources */,
				4A9234A026415AFE006D2569 /* DataFetcherService.swift in Sources */,
				4AAF4FCC2643EFEF002E9B27 /* FilmInfoViewController.swift in Sources */,
				4AAF4FBA2643ED5B002E9B27 /* TransitionDirection.swift in Sources */,
				4AAF4FD72643FB92002E9B27 /* DetailFilmResult.swift in Sources */,
				4AAF4FBD2643ED7F002E9B27 /* PresentationController.swift in Sources */,
				4A7538412642A21C0039BC1F /* MainTabBarController.swift in Sources */,
				4A92349F26415AFE006D2569 /* NetworkManager.swift in Sources */,
				4A9234B626416AAD006D2569 /* SelfConfiguringCell.swift in Sources */,
				4A92346E26414AE0006D2569 /* MoviesMVP.xcdatamodeld in Sources */,
				4AAF4FD52643F556002E9B27 /* FilmInfoView.swift in Sources */,
				4A92346426414AE0006D2569 /* AppDelegate.swift in Sources */,
				4AAF4FD02643F3A8002E9B27 /* PosterView.swift in Sources */,
				4A9234B926416CA0006D2569 /* UILabel+Extension.swift in Sources */,
				4A9234AF26416783006D2569 /* MainViewController.swift in Sources */,
				4AAF4FD926440DA9002E9B27 /* UITextView + Extension.swift in Sources */,
				4A9234C626419A9F006D2569 /* MainPresenter.swift in Sources */,
				4AAF4FC42643EDC3002E9B27 /* DismissAnimation.swift in Sources */,
				4A92346626414AE0006D2569 /* SceneDelegate.swift in Sources */,
				4A9234C92641A70B006D2569 /* MainBuilder.swift in Sources */,
				4A9234A426415BE8006D2569 /* FilmsResult.swift in Sources */,
				4AAF4FCA2643EFB9002E9B27 /* PosterViewController.swift in Sources */,
				4A9234BB26416CDB006D2569 /* UIFont + Extensions.swift in Sources */,
				4AAF4FC22643EDAD002E9B27 /* PresentAnimation.swift in Sources */,
				4A9234C326418C66006D2569 /* UIRefreshControl + Extension.swift in Sources */,
				4AAF4FC82643EDF8002E9B27 /* InstantPanGestureRecognizer.swift in Sources */,
			);
			runOnlyForDeploymentPostprocessing = 0;
		};
		4A92347526414AE1006D2569 /* Sources */ = {
			isa = PBXSourcesBuildPhase;
			buildActionMask = 2147483647;
			files = (
				4A92347E26414AE1006D2569 /* MoviesMVPTests.swift in Sources */,
				4A9234A626416469006D2569 /* DataFetcherServiceTests.swift in Sources */,
			);
			runOnlyForDeploymentPostprocessing = 0;
		};
		4A92348026414AE1006D2569 /* Sources */ = {
			isa = PBXSourcesBuildPhase;
			buildActionMask = 2147483647;
			files = (
				4A92348926414AE1006D2569 /* MoviesMVPUITests.swift in Sources */,
			);
			runOnlyForDeploymentPostprocessing = 0;
		};
/* End PBXSourcesBuildPhase section */

/* Begin PBXTargetDependency section */
		4A92347B26414AE1006D2569 /* PBXTargetDependency */ = {
			isa = PBXTargetDependency;
			target = 4A92345F26414AE0006D2569 /* MoviesMVP */;
			targetProxy = 4A92347A26414AE1006D2569 /* PBXContainerItemProxy */;
		};
		4A92348626414AE1006D2569 /* PBXTargetDependency */ = {
			isa = PBXTargetDependency;
			target = 4A92345F26414AE0006D2569 /* MoviesMVP */;
			targetProxy = 4A92348526414AE1006D2569 /* PBXContainerItemProxy */;
		};
/* End PBXTargetDependency section */

/* Begin PBXVariantGroup section */
		4A92347126414AE1006D2569 /* LaunchScreen.storyboard */ = {
			isa = PBXVariantGroup;
			children = (
				4A92347226414AE1006D2569 /* Base */,
			);
			name = LaunchScreen.storyboard;
			sourceTree = "<group>";
		};
/* End PBXVariantGroup section */

/* Begin XCBuildConfiguration section */
		4A92348B26414AE1006D2569 /* Debug */ = {
			isa = XCBuildConfiguration;
			buildSettings = {
				ALWAYS_SEARCH_USER_PATHS = NO;
				CLANG_ANALYZER_NONNULL = YES;
				CLANG_ANALYZER_NUMBER_OBJECT_CONVERSION = YES_AGGRESSIVE;
				CLANG_CXX_LANGUAGE_STANDARD = "gnu++14";
				CLANG_CXX_LIBRARY = "libc++";
				CLANG_ENABLE_MODULES = YES;
				CLANG_ENABLE_OBJC_ARC = YES;
				CLANG_ENABLE_OBJC_WEAK = YES;
				CLANG_WARN_BLOCK_CAPTURE_AUTORELEASING = YES;
				CLANG_WARN_BOOL_CONVERSION = YES;
				CLANG_WARN_COMMA = YES;
				CLANG_WARN_CONSTANT_CONVERSION = YES;
				CLANG_WARN_DEPRECATED_OBJC_IMPLEMENTATIONS = YES;
				CLANG_WARN_DIRECT_OBJC_ISA_USAGE = YES_ERROR;
				CLANG_WARN_DOCUMENTATION_COMMENTS = YES;
				CLANG_WARN_EMPTY_BODY = YES;
				CLANG_WARN_ENUM_CONVERSION = YES;
				CLANG_WARN_INFINITE_RECURSION = YES;
				CLANG_WARN_INT_CONVERSION = YES;
				CLANG_WARN_NON_LITERAL_NULL_CONVERSION = YES;
				CLANG_WARN_OBJC_IMPLICIT_RETAIN_SELF = YES;
				CLANG_WARN_OBJC_LITERAL_CONVERSION = YES;
				CLANG_WARN_OBJC_ROOT_CLASS = YES_ERROR;
				CLANG_WARN_QUOTED_INCLUDE_IN_FRAMEWORK_HEADER = YES;
				CLANG_WARN_RANGE_LOOP_ANALYSIS = YES;
				CLANG_WARN_STRICT_PROTOTYPES = YES;
				CLANG_WARN_SUSPICIOUS_MOVE = YES;
				CLANG_WARN_UNGUARDED_AVAILABILITY = YES_AGGRESSIVE;
				CLANG_WARN_UNREACHABLE_CODE = YES;
				CLANG_WARN__DUPLICATE_METHOD_MATCH = YES;
				COPY_PHASE_STRIP = NO;
				DEBUG_INFORMATION_FORMAT = dwarf;
				ENABLE_STRICT_OBJC_MSGSEND = YES;
				ENABLE_TESTABILITY = YES;
				GCC_C_LANGUAGE_STANDARD = gnu11;
				GCC_DYNAMIC_NO_PIC = NO;
				GCC_NO_COMMON_BLOCKS = YES;
				GCC_OPTIMIZATION_LEVEL = 0;
				GCC_PREPROCESSOR_DEFINITIONS = (
					"DEBUG=1",
					"$(inherited)",
				);
				GCC_WARN_64_TO_32_BIT_CONVERSION = YES;
				GCC_WARN_ABOUT_RETURN_TYPE = YES_ERROR;
				GCC_WARN_UNDECLARED_SELECTOR = YES;
				GCC_WARN_UNINITIALIZED_AUTOS = YES_AGGRESSIVE;
				GCC_WARN_UNUSED_FUNCTION = YES;
				GCC_WARN_UNUSED_VARIABLE = YES;
				IPHONEOS_DEPLOYMENT_TARGET = 14.5;
				MTL_ENABLE_DEBUG_INFO = INCLUDE_SOURCE;
				MTL_FAST_MATH = YES;
				ONLY_ACTIVE_ARCH = YES;
				SDKROOT = iphoneos;
				SWIFT_ACTIVE_COMPILATION_CONDITIONS = DEBUG;
				SWIFT_OPTIMIZATION_LEVEL = "-Onone";
			};
			name = Debug;
		};
		4A92348C26414AE1006D2569 /* Release */ = {
			isa = XCBuildConfiguration;
			buildSettings = {
				ALWAYS_SEARCH_USER_PATHS = NO;
				CLANG_ANALYZER_NONNULL = YES;
				CLANG_ANALYZER_NUMBER_OBJECT_CONVERSION = YES_AGGRESSIVE;
				CLANG_CXX_LANGUAGE_STANDARD = "gnu++14";
				CLANG_CXX_LIBRARY = "libc++";
				CLANG_ENABLE_MODULES = YES;
				CLANG_ENABLE_OBJC_ARC = YES;
				CLANG_ENABLE_OBJC_WEAK = YES;
				CLANG_WARN_BLOCK_CAPTURE_AUTORELEASING = YES;
				CLANG_WARN_BOOL_CONVERSION = YES;
				CLANG_WARN_COMMA = YES;
				CLANG_WARN_CONSTANT_CONVERSION = YES;
				CLANG_WARN_DEPRECATED_OBJC_IMPLEMENTATIONS = YES;
				CLANG_WARN_DIRECT_OBJC_ISA_USAGE = YES_ERROR;
				CLANG_WARN_DOCUMENTATION_COMMENTS = YES;
				CLANG_WARN_EMPTY_BODY = YES;
				CLANG_WARN_ENUM_CONVERSION = YES;
				CLANG_WARN_INFINITE_RECURSION = YES;
				CLANG_WARN_INT_CONVERSION = YES;
				CLANG_WARN_NON_LITERAL_NULL_CONVERSION = YES;
				CLANG_WARN_OBJC_IMPLICIT_RETAIN_SELF = YES;
				CLANG_WARN_OBJC_LITERAL_CONVERSION = YES;
				CLANG_WARN_OBJC_ROOT_CLASS = YES_ERROR;
				CLANG_WARN_QUOTED_INCLUDE_IN_FRAMEWORK_HEADER = YES;
				CLANG_WARN_RANGE_LOOP_ANALYSIS = YES;
				CLANG_WARN_STRICT_PROTOTYPES = YES;
				CLANG_WARN_SUSPICIOUS_MOVE = YES;
				CLANG_WARN_UNGUARDED_AVAILABILITY = YES_AGGRESSIVE;
				CLANG_WARN_UNREACHABLE_CODE = YES;
				CLANG_WARN__DUPLICATE_METHOD_MATCH = YES;
				COPY_PHASE_STRIP = NO;
				DEBUG_INFORMATION_FORMAT = "dwarf-with-dsym";
				ENABLE_NS_ASSERTIONS = NO;
				ENABLE_STRICT_OBJC_MSGSEND = YES;
				GCC_C_LANGUAGE_STANDARD = gnu11;
				GCC_NO_COMMON_BLOCKS = YES;
				GCC_WARN_64_TO_32_BIT_CONVERSION = YES;
				GCC_WARN_ABOUT_RETURN_TYPE = YES_ERROR;
				GCC_WARN_UNDECLARED_SELECTOR = YES;
				GCC_WARN_UNINITIALIZED_AUTOS = YES_AGGRESSIVE;
				GCC_WARN_UNUSED_FUNCTION = YES;
				GCC_WARN_UNUSED_VARIABLE = YES;
				IPHONEOS_DEPLOYMENT_TARGET = 14.5;
				MTL_ENABLE_DEBUG_INFO = NO;
				MTL_FAST_MATH = YES;
				SDKROOT = iphoneos;
				SWIFT_COMPILATION_MODE = wholemodule;
				SWIFT_OPTIMIZATION_LEVEL = "-O";
				VALIDATE_PRODUCT = YES;
			};
			name = Release;
		};
		4A92348E26414AE1006D2569 /* Debug */ = {
			isa = XCBuildConfiguration;
			buildSettings = {
				ASSETCATALOG_COMPILER_APPICON_NAME = AppIcon;
				ASSETCATALOG_COMPILER_GLOBAL_ACCENT_COLOR_NAME = AccentColor;
				CODE_SIGN_STYLE = Automatic;
				DEVELOPMENT_TEAM = C23RGTGY52;
				INFOPLIST_FILE = MoviesMVP/Environments/Info.plist;
				LD_RUNPATH_SEARCH_PATHS = (
					"$(inherited)",
					"@executable_path/Frameworks",
				);
				PRODUCT_BUNDLE_IDENTIFIER = "com.Alexander-Ipatov.MoviesMVP";
				PRODUCT_NAME = "$(TARGET_NAME)";
				SWIFT_VERSION = 5.0;
				TARGETED_DEVICE_FAMILY = "1,2";
			};
			name = Debug;
		};
		4A92348F26414AE1006D2569 /* Release */ = {
			isa = XCBuildConfiguration;
			buildSettings = {
				ASSETCATALOG_COMPILER_APPICON_NAME = AppIcon;
				ASSETCATALOG_COMPILER_GLOBAL_ACCENT_COLOR_NAME = AccentColor;
				CODE_SIGN_STYLE = Automatic;
				DEVELOPMENT_TEAM = C23RGTGY52;
				INFOPLIST_FILE = MoviesMVP/Environments/Info.plist;
				LD_RUNPATH_SEARCH_PATHS = (
					"$(inherited)",
					"@executable_path/Frameworks",
				);
				PRODUCT_BUNDLE_IDENTIFIER = "com.Alexander-Ipatov.MoviesMVP";
				PRODUCT_NAME = "$(TARGET_NAME)";
				SWIFT_VERSION = 5.0;
				TARGETED_DEVICE_FAMILY = "1,2";
			};
			name = Release;
		};
		4A92349126414AE1006D2569 /* Debug */ = {
			isa = XCBuildConfiguration;
			buildSettings = {
				ALWAYS_EMBED_SWIFT_STANDARD_LIBRARIES = YES;
				BUNDLE_LOADER = "$(TEST_HOST)";
				CODE_SIGN_STYLE = Automatic;
				DEVELOPMENT_TEAM = C23RGTGY52;
				INFOPLIST_FILE = MoviesMVPTests/Info.plist;
				IPHONEOS_DEPLOYMENT_TARGET = 14.5;
				LD_RUNPATH_SEARCH_PATHS = (
					"$(inherited)",
					"@executable_path/Frameworks",
					"@loader_path/Frameworks",
				);
				PRODUCT_BUNDLE_IDENTIFIER = "com.Alexander-Ipatov.MoviesMVPTests";
				PRODUCT_NAME = "$(TARGET_NAME)";
				SWIFT_VERSION = 5.0;
				TARGETED_DEVICE_FAMILY = "1,2";
				TEST_HOST = "$(BUILT_PRODUCTS_DIR)/MoviesMVP.app/MoviesMVP";
			};
			name = Debug;
		};
		4A92349226414AE1006D2569 /* Release */ = {
			isa = XCBuildConfiguration;
			buildSettings = {
				ALWAYS_EMBED_SWIFT_STANDARD_LIBRARIES = YES;
				BUNDLE_LOADER = "$(TEST_HOST)";
				CODE_SIGN_STYLE = Automatic;
				DEVELOPMENT_TEAM = C23RGTGY52;
				INFOPLIST_FILE = MoviesMVPTests/Info.plist;
				IPHONEOS_DEPLOYMENT_TARGET = 14.5;
				LD_RUNPATH_SEARCH_PATHS = (
					"$(inherited)",
					"@executable_path/Frameworks",
					"@loader_path/Frameworks",
				);
				PRODUCT_BUNDLE_IDENTIFIER = "com.Alexander-Ipatov.MoviesMVPTests";
				PRODUCT_NAME = "$(TARGET_NAME)";
				SWIFT_VERSION = 5.0;
				TARGETED_DEVICE_FAMILY = "1,2";
				TEST_HOST = "$(BUILT_PRODUCTS_DIR)/MoviesMVP.app/MoviesMVP";
			};
			name = Release;
		};
		4A92349426414AE1006D2569 /* Debug */ = {
			isa = XCBuildConfiguration;
			buildSettings = {
				ALWAYS_EMBED_SWIFT_STANDARD_LIBRARIES = YES;
				CODE_SIGN_STYLE = Automatic;
				DEVELOPMENT_TEAM = C23RGTGY52;
				INFOPLIST_FILE = MoviesMVPUITests/Info.plist;
				LD_RUNPATH_SEARCH_PATHS = (
					"$(inherited)",
					"@executable_path/Frameworks",
					"@loader_path/Frameworks",
				);
				PRODUCT_BUNDLE_IDENTIFIER = "com.Alexander-Ipatov.MoviesMVPUITests";
				PRODUCT_NAME = "$(TARGET_NAME)";
				SWIFT_VERSION = 5.0;
				TARGETED_DEVICE_FAMILY = "1,2";
				TEST_TARGET_NAME = MoviesMVP;
			};
			name = Debug;
		};
		4A92349526414AE1006D2569 /* Release */ = {
			isa = XCBuildConfiguration;
			buildSettings = {
				ALWAYS_EMBED_SWIFT_STANDARD_LIBRARIES = YES;
				CODE_SIGN_STYLE = Automatic;
				DEVELOPMENT_TEAM = C23RGTGY52;
				INFOPLIST_FILE = MoviesMVPUITests/Info.plist;
				LD_RUNPATH_SEARCH_PATHS = (
					"$(inherited)",
					"@executable_path/Frameworks",
					"@loader_path/Frameworks",
				);
				PRODUCT_BUNDLE_IDENTIFIER = "com.Alexander-Ipatov.MoviesMVPUITests";
				PRODUCT_NAME = "$(TARGET_NAME)";
				SWIFT_VERSION = 5.0;
				TARGETED_DEVICE_FAMILY = "1,2";
				TEST_TARGET_NAME = MoviesMVP;
			};
			name = Release;
		};
/* End XCBuildConfiguration section */

/* Begin XCConfigurationList section */
		4A92345B26414AE0006D2569 /* Build configuration list for PBXProject "MoviesMVP" */ = {
			isa = XCConfigurationList;
			buildConfigurations = (
				4A92348B26414AE1006D2569 /* Debug */,
				4A92348C26414AE1006D2569 /* Release */,
			);
			defaultConfigurationIsVisible = 0;
			defaultConfigurationName = Release;
		};
		4A92348D26414AE1006D2569 /* Build configuration list for PBXNativeTarget "MoviesMVP" */ = {
			isa = XCConfigurationList;
			buildConfigurations = (
				4A92348E26414AE1006D2569 /* Debug */,
				4A92348F26414AE1006D2569 /* Release */,
			);
			defaultConfigurationIsVisible = 0;
			defaultConfigurationName = Release;
		};
		4A92349026414AE1006D2569 /* Build configuration list for PBXNativeTarget "MoviesMVPTests" */ = {
			isa = XCConfigurationList;
			buildConfigurations = (
				4A92349126414AE1006D2569 /* Debug */,
				4A92349226414AE1006D2569 /* Release */,
			);
			defaultConfigurationIsVisible = 0;
			defaultConfigurationName = Release;
		};
		4A92349326414AE1006D2569 /* Build configuration list for PBXNativeTarget "MoviesMVPUITests" */ = {
			isa = XCConfigurationList;
			buildConfigurations = (
				4A92349426414AE1006D2569 /* Debug */,
				4A92349526414AE1006D2569 /* Release */,
			);
			defaultConfigurationIsVisible = 0;
			defaultConfigurationName = Release;
		};
/* End XCConfigurationList section */

/* Begin XCRemoteSwiftPackageReference section */
		4A9234BE26418AC1006D2569 /* XCRemoteSwiftPackageReference "Kingfisher" */ = {
			isa = XCRemoteSwiftPackageReference;
			repositoryURL = "https://github.com/onevcat/Kingfisher.git";
			requirement = {
				kind = upToNextMajorVersion;
				minimumVersion = 6.3.0;
			};
		};
/* End XCRemoteSwiftPackageReference section */

/* Begin XCSwiftPackageProductDependency section */
		4A9234BF26418AC1006D2569 /* Kingfisher */ = {
			isa = XCSwiftPackageProductDependency;
			package = 4A9234BE26418AC1006D2569 /* XCRemoteSwiftPackageReference "Kingfisher" */;
			productName = Kingfisher;
		};
/* End XCSwiftPackageProductDependency section */

/* Begin XCVersionGroup section */
		4A92346C26414AE0006D2569 /* MoviesMVP.xcdatamodeld */ = {
			isa = XCVersionGroup;
			children = (
				4A92346D26414AE0006D2569 /* MoviesMVP.xcdatamodel */,
			);
			currentVersion = 4A92346D26414AE0006D2569 /* MoviesMVP.xcdatamodel */;
			path = MoviesMVP.xcdatamodeld;
			sourceTree = "<group>";
			versionGroupType = wrapper.xcdatamodel;
		};
/* End XCVersionGroup section */
	};
	rootObject = 4A92345826414AE0006D2569 /* Project object */;
}
